// !$*UTF8*$!
{
	archiveVersion = 1;
	classes = {
	};
	objectVersion = 50;
	objects = {

/* Begin PBXBuildFile section */
		0CFCF4352212C622008645C6 /* main.m in Sources */ = {isa = PBXBuildFile; fileRef = 0CFCF4342212C622008645C6 /* main.m */; };
		0CFCF43D221316DE008645C6 /* Node.m in Sources */ = {isa = PBXBuildFile; fileRef = 0CFCF43C221316DE008645C6 /* Node.m */; };
		0CFCF44022131794008645C6 /* LoopNode.m in Sources */ = {isa = PBXBuildFile; fileRef = 0CFCF43F22131794008645C6 /* LoopNode.m */; };
		0CFCF443221319E3008645C6 /* DoubleNode.m in Sources */ = {isa = PBXBuildFile; fileRef = 0CFCF442221319E3008645C6 /* DoubleNode.m */; };
/* End PBXBuildFile section */

/* Begin PBXCopyFilesBuildPhase section */
		0CFCF42F2212C622008645C6 /* CopyFiles */ = {
			isa = PBXCopyFilesBuildPhase;
			buildActionMask = 2147483647;
			dstPath = /usr/share/man/man1/;
			dstSubfolderSpec = 0;
			files = (
			);
			runOnlyForDeploymentPostprocessing = 1;
		};
/* End PBXCopyFilesBuildPhase section */

/* Begin PBXFileReference section */
		0CFCF4312212C622008645C6 /* Node */ = {isa = PBXFileReference; explicitFileType = "compiled.mach-o.executable"; includeInIndex = 0; path = Node; sourceTree = BUILT_PRODUCTS_DIR; };
		0CFCF4342212C622008645C6 /* main.m */ = {isa = PBXFileReference; lastKnownFileType = sourcecode.c.objc; path = main.m; sourceTree = "<group>"; };
		0CFCF43B221316DE008645C6 /* Node.h */ = {isa = PBXFileReference; lastKnownFileType = sourcecode.c.h; path = Node.h; sourceTree = "<group>"; };
		0CFCF43C221316DE008645C6 /* Node.m */ = {isa = PBXFileReference; lastKnownFileType = sourcecode.c.objc; path = Node.m; sourceTree = "<group>"; };
		0CFCF43E22131794008645C6 /* LoopNode.h */ = {isa = PBXFileReference; lastKnownFileType = sourcecode.c.h; path = LoopNode.h; sourceTree = "<group>"; };
		0CFCF43F22131794008645C6 /* LoopNode.m */ = {isa = PBXFileReference; lastKnownFileType = sourcecode.c.objc; path = LoopNode.m; sourceTree = "<group>"; };
		0CFCF441221319E3008645C6 /* DoubleNode.h */ = {isa = PBXFileReference; lastKnownFileType = sourcecode.c.h; path = DoubleNode.h; sourceTree = "<group>"; };
		0CFCF442221319E3008645C6 /* DoubleNode.m */ = {isa = PBXFileReference; lastKnownFileType = sourcecode.c.objc; path = DoubleNode.m; sourceTree = "<group>"; };
/* End PBXFileReference section */

/* Begin PBXFrameworksBuildPhase section */
		0CFCF42E2212C622008645C6 /* Frameworks */ = {
			isa = PBXFrameworksBuildPhase;
			buildActionMask = 2147483647;
			files = (
			);
			runOnlyForDeploymentPostprocessing = 0;
		};
/* End PBXFrameworksBuildPhase section */

/* Begin PBXGroup section */
		0CFCF4282212C622008645C6 = {
			isa = PBXGroup;
			children = (
				0CFCF4332212C622008645C6 /* Node */,
				0CFCF4322212C622008645C6 /* Products */,
			);
			sourceTree = "<group>";
		};
		0CFCF4322212C622008645C6 /* Products */ = {
			isa = PBXGroup;
			children = (
				0CFCF4312212C622008645C6 /* Node */,
			);
			name = Products;
			sourceTree = "<group>";
		};
		0CFCF4332212C622008645C6 /* Node */ = {
			isa = PBXGroup;
			children = (
				0CFCF4342212C622008645C6 /* main.m */,
				0CFCF43B221316DE008645C6 /* Node.h */,
				0CFCF43C221316DE008645C6 /* Node.m */,
				0CFCF43E22131794008645C6 /* LoopNode.h */,
				0CFCF43F22131794008645C6 /* LoopNode.m */,
				0CFCF441221319E3008645C6 /* DoubleNode.h */,
				0CFCF442221319E3008645C6 /* DoubleNode.m */,
			);
			path = Node;
			sourceTree = "<group>";
		};
/* End PBXGroup section */

/* Begin PBXNativeTarget section */
		0CFCF4302212C622008645C6 /* Node */ = {
			isa = PBXNativeTarget;
			buildConfigurationList = 0CFCF4382212C622008645C6 /* Build configuration list for PBXNativeTarget "Node" */;
			buildPhases = (
				0CFCF42D2212C622008645C6 /* Sources */,
				0CFCF42E2212C622008645C6 /* Frameworks */,
				0CFCF42F2212C622008645C6 /* CopyFiles */,
			);
			buildRules = (
			);
			dependencies = (
			);
			name = Node;
			productName = Node;
			productReference = 0CFCF4312212C622008645C6 /* Node */;
			productType = "com.apple.product-type.tool";
		};
/* End PBXNativeTarget section */

/* Begin PBXProject section */
		0CFCF4292212C622008645C6 /* Project object */ = {
			isa = PBXProject;
			attributes = {
				LastUpgradeCheck = 1010;
				ORGANIZATIONNAME = tyh;
				TargetAttributes = {
					0CFCF4302212C622008645C6 = {
						CreatedOnToolsVersion = 10.1;
					};
				};
			};
			buildConfigurationList = 0CFCF42C2212C622008645C6 /* Build configuration list for PBXProject "Node" */;
			compatibilityVersion = "Xcode 9.3";
			developmentRegion = en;
			hasScannedForEncodings = 0;
			knownRegions = (
				en,
			);
			mainGroup = 0CFCF4282212C622008645C6;
			productRefGroup = 0CFCF4322212C622008645C6 /* Products */;
			projectDirPath = "";
			projectRoot = "";
			targets = (
				0CFCF4302212C622008645C6 /* Node */,
			);
		};
/* End PBXProject section */

/* Begin PBXSourcesBuildPhase section */
		0CFCF42D2212C622008645C6 /* Sources */ = {
			isa = PBXSourcesBuildPhase;
			buildActionMask = 2147483647;
			files = (
				0CFCF443221319E3008645C6 /* DoubleNode.m in Sources */,
				0CFCF4352212C622008645C6 /* main.m in Sources */,
				0CFCF43D221316DE008645C6 /* Node.m in Sources */,
				0CFCF44022131794008645C6 /* LoopNode.m in Sources */,
			);
			runOnlyForDeploymentPostprocessing = 0;
		};
/* End PBXSourcesBuildPhase section */

/* Begin XCBuildConfiguration section */
		0CFCF4362212C622008645C6 /* Debug */ = {
			isa = XCBuildConfiguration;
			buildSettings = {
				ALWAYS_SEARCH_USER_PATHS = NO;
				CLANG_ANALYZER_NONNULL = YES;
				CLANG_ANALYZER_NUMBER_OBJECT_CONVERSION = YES_AGGRESSIVE;
				CLANG_CXX_LANGUAGE_STANDARD = "gnu++14";
				CLANG_CXX_LIBRARY = "libc++";
				CLANG_ENABLE_MODULES = YES;
				CLANG_ENABLE_OBJC_ARC = YES;
				CLANG_ENABLE_OBJC_WEAK = YES;
				CLANG_WARN_BLOCK_CAPTURE_AUTORELEASING = YES;
				CLANG_WARN_BOOL_CONVERSION = YES;
				CLANG_WARN_COMMA = YES;
				CLANG_WARN_CONSTANT_CONVERSION = YES;
				CLANG_WARN_DEPRECATED_OBJC_IMPLEMENTATIONS = YES;
				CLANG_WARN_DIRECT_OBJC_ISA_USAGE = YES_ERROR;
				CLANG_WARN_DOCUMENTATION_COMMENTS = YES;
				CLANG_WARN_EMPTY_BODY = YES;
				CLANG_WARN_ENUM_CONVERSION = YES;
				CLANG_WARN_INFINITE_RECURSION = YES;
				CLANG_WARN_INT_CONVERSION = YES;
				CLANG_WARN_NON_LITERAL_NULL_CONVERSION = YES;
				CLANG_WARN_OBJC_IMPLICIT_RETAIN_SELF = YES;
				CLANG_WARN_OBJC_LITERAL_CONVERSION = YES;
				CLANG_WARN_OBJC_ROOT_CLASS = YES_ERROR;
				CLANG_WARN_RANGE_LOOP_ANALYSIS = YES;
				CLANG_WARN_STRICT_PROTOTYPES = YES;
				CLANG_WARN_SUSPICIOUS_MOVE = YES;
				CLANG_WARN_UNGUARDED_AVAILABILITY = YES_AGGRESSIVE;
				CLANG_WARN_UNREACHABLE_CODE = YES;
				CLANG_WARN__DUPLICATE_METHOD_MATCH = YES;
				CODE_SIGN_IDENTITY = "Mac Developer";
				COPY_PHASE_STRIP = NO;
				DEBUG_INFORMATION_FORMAT = dwarf;
				ENABLE_STRICT_OBJC_MSGSEND = YES;
				ENABLE_TESTABILITY = YES;
				GCC_C_LANGUAGE_STANDARD = gnu11;
				GCC_DYNAMIC_NO_PIC = NO;
				GCC_NO_COMMON_BLOCKS = YES;
				GCC_OPTIMIZATION_LEVEL = 0;
				GCC_PREPROCESSOR_DEFINITIONS = (
					"DEBUG=1",
					"$(inherited)",
				);
				GCC_WARN_64_TO_32_BIT_CONVERSION = YES;
				GCC_WARN_ABOUT_RETURN_TYPE = YES_ERROR;
				GCC_WARN_UNDECLARED_SELECTOR = YES;
				GCC_WARN_UNINITIALIZED_AUTOS = YES_AGGRESSIVE;
				GCC_WARN_UNUSED_FUNCTION = YES;
				GCC_WARN_UNUSED_VARIABLE = YES;
				MACOSX_DEPLOYMENT_TARGET = 10.14;
				MTL_ENABLE_DEBUG_INFO = INCLUDE_SOURCE;
				MTL_FAST_MATH = YES;
				ONLY_ACTIVE_ARCH = YES;
				SDKROOT = macosx;
			};
			name = Debug;
		};
		0CFCF4372212C622008645C6 /* Release */ = {
			isa = XCBuildConfiguration;
			buildSettings = {
				ALWAYS_SEARCH_USER_PATHS = NO;
				CLANG_ANALYZER_NONNULL = YES;
				CLANG_ANALYZER_NUMBER_OBJECT_CONVERSION = YES_AGGRESSIVE;
				CLANG_CXX_LANGUAGE_STANDARD = "gnu++14";
				CLANG_CXX_LIBRARY = "libc++";
				CLANG_ENABLE_MODULES = YES;
				CLANG_ENABLE_OBJC_ARC = YES;
				CLANG_ENABLE_OBJC_WEAK = YES;
				CLANG_WARN_BLOCK_CAPTURE_AUTORELEASING = YES;
				CLANG_WARN_BOOL_CONVERSION = YES;
				CLANG_WARN_COMMA = YES;
				CLANG_WARN_CONSTANT_CONVERSION = YES;
				CLANG_WARN_DEPRECATED_OBJC_IMPLEMENTATIONS = YES;
				CLANG_WARN_DIRECT_OBJC_ISA_USAGE = YES_ERROR;
				CLANG_WARN_DOCUMENTATION_COMMENTS = YES;
				CLANG_WARN_EMPTY_BODY = YES;
				CLANG_WARN_ENUM_CONVERSION = YES;
				CLANG_WARN_INFINITE_RECURSION = YES;
				CLANG_WARN_INT_CONVERSION = YES;
				CLANG_WARN_NON_LITERAL_NULL_CONVERSION = YES;
				CLANG_WARN_OBJC_IMPLICIT_RETAIN_SELF = YES;
				CLANG_WARN_OBJC_LITERAL_CONVERSION = YES;
				CLANG_WARN_OBJC_ROOT_CLASS = YES_ERROR;
				CLANG_WARN_RANGE_LOOP_ANALYSIS = YES;
				CLANG_WARN_STRICT_PROTOTYPES = YES;
				CLANG_WARN_SUSPICIOUS_MOVE = YES;
				CLANG_WARN_UNGUARDED_AVAILABILITY = YES_AGGRESSIVE;
				CLANG_WARN_UNREACHABLE_CODE = YES;
				CLANG_WARN__DUPLICATE_METHOD_MATCH = YES;
				CODE_SIGN_IDENTITY = "Mac Developer";
				COPY_PHASE_STRIP = NO;
				DEBUG_INFORMATION_FORMAT = "dwarf-with-dsym";
				ENABLE_NS_ASSERTIONS = NO;
				ENABLE_STRICT_OBJC_MSGSEND = YES;
				GCC_C_LANGUAGE_STANDARD = gnu11;
				GCC_NO_COMMON_BLOCKS = YES;
				GCC_WARN_64_TO_32_BIT_CONVERSION = YES;
				GCC_WARN_ABOUT_RETURN_TYPE = YES_ERROR;
				GCC_WARN_UNDECLARED_SELECTOR = YES;
				GCC_WARN_UNINITIALIZED_AUTOS = YES_AGGRESSIVE;
				GCC_WARN_UNUSED_FUNCTION = YES;
				GCC_WARN_UNUSED_VARIABLE = YES;
				MACOSX_DEPLOYMENT_TARGET = 10.14;
				MTL_ENABLE_DEBUG_INFO = NO;
				MTL_FAST_MATH = YES;
				SDKROOT = macosx;
			};
			name = Release;
		};
		0CFCF4392212C622008645C6 /* Debug */ = {
			isa = XCBuildConfiguration;
			buildSettings = {
				CODE_SIGN_STYLE = Automatic;
				DEVELOPMENT_TEAM = 3NF59D2CW5;
				PRODUCT_NAME = "$(TARGET_NAME)";
			};
			name = Debug;
		};
		0CFCF43A2212C622008645C6 /* Release */ = {
			isa = XCBuildConfiguration;
			buildSettings = {
				CODE_SIGN_STYLE = Automatic;
				DEVELOPMENT_TEAM = 3NF59D2CW5;
				PRODUCT_NAME = "$(TARGET_NAME)";
			};
			name = Release;
		};
/* End XCBuildConfiguration section */

/* Begin XCConfigurationList section */
		0CFCF42C2212C622008645C6 /* Build configuration list for PBXProject "Node" */ = {
			isa = XCConfigurationList;
			buildConfigurations = (
				0CFCF4362212C622008645C6 /* Debug */,
				0CFCF4372212C622008645C6 /* Release */,
			);
			defaultConfigurationIsVisible = 0;
			defaultConfigurationName = Release;
		};
		0CFCF4382212C622008645C6 /* Build configuration list for PBXNativeTarget "Node" */ = {
			isa = XCConfigurationList;
			buildConfigurations = (
				0CFCF4392212C622008645C6 /* Debug */,
				0CFCF43A2212C622008645C6 /* Release */,
			);
			defaultConfigurationIsVisible = 0;
			defaultConfigurationName = Release;
		};
/* End XCConfigurationList section */
	};
	rootObject = 0CFCF4292212C622008645C6 /* Project object */;
}
